
Microsoft Visual Studio Solution File, Format Version 12.00
# Visual Studio Version 17
VisualStudioVersion = 17.6.33801.468
MinimumVisualStudioVersion = 10.0.40219.1
Project("{9A19103F-16F7-4668-BE54-9A1E7A4F7556}") = "CrabExcelDataApp", "CrabExcelDataApp.csproj", "{57550E63-7F10-42CE-9DE2-B84571D0FF06}"
EndProject
Project("{FAE04EC0-301F-11D3-BF4B-00C04F79EFBC}") = "Crab-Excel-Data-App-Test", "..\Crab-Excel-Data-App-Test\Crab-Excel-Data-App-Test.csproj", "{6F579A5C-BAB9-4307-8149-DEDB30EF817D}"
EndProject
Global
	GlobalSection(SolutionConfigurationPlatforms) = preSolution
		Debug|Any CPU = Debug|Any CPU
		Release|Any CPU = Release|Any CPU
	EndGlobalSection
	GlobalSection(ProjectConfigurationPlatforms) = postSolution
		{57550E63-7F10-42CE-9DE2-B84571D0FF06}.Debug|Any CPU.ActiveCfg = Debug|Any CPU
		{57550E63-7F10-42CE-9DE2-B84571D0FF06}.Debug|Any CPU.Build.0 = Debug|Any CPU
		{57550E63-7F10-42CE-9DE2-B84571D0FF06}.Release|Any CPU.ActiveCfg = Release|Any CPU
		{57550E63-7F10-42CE-9DE2-B84571D0FF06}.Release|Any CPU.Build.0 = Release|Any CPU
		{6F579A5C-BAB9-4307-8149-DEDB30EF817D}.Debug|Any CPU.ActiveCfg = Debug|Any CPU
		{6F579A5C-BAB9-4307-8149-DEDB30EF817D}.Debug|Any CPU.Build.0 = Debug|Any CPU
		{6F579A5C-BAB9-4307-8149-DEDB30EF817D}.Release|Any CPU.ActiveCfg = Release|Any CPU
		{6F579A5C-BAB9-4307-8149-DEDB30EF817D}.Release|Any CPU.Build.0 = Release|Any CPU
	EndGlobalSection
	GlobalSection(SolutionProperties) = preSolution
		HideSolutionNode = FALSE
	EndGlobalSection
	GlobalSection(ExtensibilityGlobals) = postSolution
		SolutionGuid = {74704FC5-EEFC-4EF9-9D94-7A5E2692190A}
	EndGlobalSection
EndGlobal
